Microsoft Visual Studio Solution File, Format Version 12.00
# Visual Studio Version 17
VisualStudioVersion = 17.5.2.0
MinimumVisualStudioVersion = 10.0.40219.1
Project("{FAE04EC0-301F-11D3-BF4B-00C04F79EFBC}") = "curso-dotNET", "curso-dotNET.csproj", "{28279064-B35E-229B-0CD8-BD0237E1924F}"
EndProject
Global
	GlobalSection(SolutionConfigurationPlatforms) = preSolution
		Debug|Any CPU = Debug|Any CPU
		Release|Any CPU = Release|Any CPU
	EndGlobalSection
	GlobalSection(ProjectConfigurationPlatforms) = postSolution
		{28279064-B35E-229B-0CD8-BD0237E1924F}.Debug|Any CPU.ActiveCfg = Debug|Any CPU
		{28279064-B35E-229B-0CD8-BD0237E1924F}.Debug|Any CPU.Build.0 = Debug|Any CPU
		{28279064-B35E-229B-0CD8-BD0237E1924F}.Release|Any CPU.ActiveCfg = Release|Any CPU
		{28279064-B35E-229B-0CD8-BD0237E1924F}.Release|Any CPU.Build.0 = Release|Any CPU
	EndGlobalSection
	GlobalSection(SolutionProperties) = preSolution
		HideSolutionNode = FALSE
	EndGlobalSection
	GlobalSection(ExtensibilityGlobals) = postSolution
		SolutionGuid = {BF45CE05-DFAE-4C20-9839-99E3B373A13D}
	EndGlobalSection
EndGlobal
